// !$*UTF8*$!
{
	archiveVersion = 1;
	classes = {
	};
	objectVersion = 50;
	objects = {

/* Begin PBXBuildFile section */
		8904286616E0042FADF043D7 /* Pods_DemoPushNotification.framework in Frameworks */ = {isa = PBXBuildFile; fileRef = 55CF93BA408D1F934630E7B4 /* Pods_DemoPushNotification.framework */; };
		DE1924062092BAE600FC6FDB /* AppDelegate.swift in Sources */ = {isa = PBXBuildFile; fileRef = DE1924052092BAE600FC6FDB /* AppDelegate.swift */; };
		DE1924082092BAE600FC6FDB /* ViewController.swift in Sources */ = {isa = PBXBuildFile; fileRef = DE1924072092BAE600FC6FDB /* ViewController.swift */; };
		DE19240B2092BAE600FC6FDB /* Main.storyboard in Resources */ = {isa = PBXBuildFile; fileRef = DE1924092092BAE600FC6FDB /* Main.storyboard */; };
		DE19240D2092BAE700FC6FDB /* Assets.xcassets in Resources */ = {isa = PBXBuildFile; fileRef = DE19240C2092BAE700FC6FDB /* Assets.xcassets */; };
		DE1924102092BAE700FC6FDB /* LaunchScreen.storyboard in Resources */ = {isa = PBXBuildFile; fileRef = DE19240E2092BAE700FC6FDB /* LaunchScreen.storyboard */; };
		DE1924192092C35200FC6FDB /* GoogleService-Info.plist in Resources */ = {isa = PBXBuildFile; fileRef = DE1924182092C35200FC6FDB /* GoogleService-Info.plist */; };
/* End PBXBuildFile section */

/* Begin PBXFileReference section */
		55CF93BA408D1F934630E7B4 /* Pods_DemoPushNotification.framework */ = {isa = PBXFileReference; explicitFileType = wrapper.framework; includeInIndex = 0; path = Pods_DemoPushNotification.framework; sourceTree = BUILT_PRODUCTS_DIR; };
		5761FABC43DE6A959441EC5A /* Pods-DemoPushNotification.release.xcconfig */ = {isa = PBXFileReference; includeInIndex = 1; lastKnownFileType = text.xcconfig; name = "Pods-DemoPushNotification.release.xcconfig"; path = "Pods/Target Support Files/Pods-DemoPushNotification/Pods-DemoPushNotification.release.xcconfig"; sourceTree = "<group>"; };
		A9F399F3C0431B41C898A61A /* Pods-DemoPushNotification.debug.xcconfig */ = {isa = PBXFileReference; includeInIndex = 1; lastKnownFileType = text.xcconfig; name = "Pods-DemoPushNotification.debug.xcconfig"; path = "Pods/Target Support Files/Pods-DemoPushNotification/Pods-DemoPushNotification.debug.xcconfig"; sourceTree = "<group>"; };
		DE1924022092BAE600FC6FDB /* DemoPushNotification.app */ = {isa = PBXFileReference; explicitFileType = wrapper.application; includeInIndex = 0; path = DemoPushNotification.app; sourceTree = BUILT_PRODUCTS_DIR; };
		DE1924052092BAE600FC6FDB /* AppDelegate.swift */ = {isa = PBXFileReference; lastKnownFileType = sourcecode.swift; path = AppDelegate.swift; sourceTree = "<group>"; };
		DE1924072092BAE600FC6FDB /* ViewController.swift */ = {isa = PBXFileReference; lastKnownFileType = sourcecode.swift; path = ViewController.swift; sourceTree = "<group>"; };
		DE19240A2092BAE600FC6FDB /* Base */ = {isa = PBXFileReference; lastKnownFileType = file.storyboard; name = Base; path = Base.lproj/Main.storyboard; sourceTree = "<group>"; };
		DE19240C2092BAE700FC6FDB /* Assets.xcassets */ = {isa = PBXFileReference; lastKnownFileType = folder.assetcatalog; path = Assets.xcassets; sourceTree = "<group>"; };
		DE19240F2092BAE700FC6FDB /* Base */ = {isa = PBXFileReference; lastKnownFileType = file.storyboard; name = Base; path = Base.lproj/LaunchScreen.storyboard; sourceTree = "<group>"; };
		DE1924112092BAE700FC6FDB /* Info.plist */ = {isa = PBXFileReference; lastKnownFileType = text.plist.xml; path = Info.plist; sourceTree = "<group>"; };
		DE1924172092C1BC00FC6FDB /* DemoPushNotification.entitlements */ = {isa = PBXFileReference; lastKnownFileType = text.plist.entitlements; path = DemoPushNotification.entitlements; sourceTree = "<group>"; };
		DE1924182092C35200FC6FDB /* GoogleService-Info.plist */ = {isa = PBXFileReference; fileEncoding = 4; lastKnownFileType = text.plist.xml; path = "GoogleService-Info.plist"; sourceTree = "<group>"; };
/* End PBXFileReference section */

/* Begin PBXFrameworksBuildPhase section */
		DE1923FF2092BAE600FC6FDB /* Frameworks */ = {
			isa = PBXFrameworksBuildPhase;
			buildActionMask = 2147483647;
			files = (
				8904286616E0042FADF043D7 /* Pods_DemoPushNotification.framework in Frameworks */,
			);
			runOnlyForDeploymentPostprocessing = 0;
		};
/* End PBXFrameworksBuildPhase section */

/* Begin PBXGroup section */
		2967D2043D61FFE95F6EC386 /* Pods */ = {
			isa = PBXGroup;
			children = (
				A9F399F3C0431B41C898A61A /* Pods-DemoPushNotification.debug.xcconfig */,
				5761FABC43DE6A959441EC5A /* Pods-DemoPushNotification.release.xcconfig */,
			);
			name = Pods;
			sourceTree = "<group>";
		};
		DE1923F92092BAE600FC6FDB = {
			isa = PBXGroup;
			children = (
				DE1924042092BAE600FC6FDB /* DemoPushNotification */,
				DE1924032092BAE600FC6FDB /* Products */,
				2967D2043D61FFE95F6EC386 /* Pods */,
				ECFE135FACDC4E2FE11A9026 /* Frameworks */,
			);
			sourceTree = "<group>";
		};
		DE1924032092BAE600FC6FDB /* Products */ = {
			isa = PBXGroup;
			children = (
				DE1924022092BAE600FC6FDB /* DemoPushNotification.app */,
			);
			name = Products;
			sourceTree = "<group>";
		};
		DE1924042092BAE600FC6FDB /* DemoPushNotification */ = {
			isa = PBXGroup;
			children = (
				DE1924182092C35200FC6FDB /* GoogleService-Info.plist */,
				DE1924172092C1BC00FC6FDB /* DemoPushNotification.entitlements */,
				DE1924052092BAE600FC6FDB /* AppDelegate.swift */,
				DE1924072092BAE600FC6FDB /* ViewController.swift */,
				DE1924092092BAE600FC6FDB /* Main.storyboard */,
				DE19240C2092BAE700FC6FDB /* Assets.xcassets */,
				DE19240E2092BAE700FC6FDB /* LaunchScreen.storyboard */,
				DE1924112092BAE700FC6FDB /* Info.plist */,
			);
			path = DemoPushNotification;
			sourceTree = "<group>";
		};
		ECFE135FACDC4E2FE11A9026 /* Frameworks */ = {
			isa = PBXGroup;
			children = (
				55CF93BA408D1F934630E7B4 /* Pods_DemoPushNotification.framework */,
			);
			name = Frameworks;
			sourceTree = "<group>";
		};
/* End PBXGroup section */

/* Begin PBXNativeTarget section */
		DE1924012092BAE600FC6FDB /* DemoPushNotification */ = {
			isa = PBXNativeTarget;
			buildConfigurationList = DE1924142092BAE700FC6FDB /* Build configuration list for PBXNativeTarget "DemoPushNotification" */;
			buildPhases = (
				96A1F673594CEFDB09773002 /* [CP] Check Pods Manifest.lock */,
				DE1923FE2092BAE600FC6FDB /* Sources */,
				DE1923FF2092BAE600FC6FDB /* Frameworks */,
				DE1924002092BAE600FC6FDB /* Resources */,
				ED7ECA6E3615AD5909B6470D /* [CP] Embed Pods Frameworks */,
				DE8DCED60FD92030054ACD9C /* [CP] Copy Pods Resources */,
			);
			buildRules = (
			);
			dependencies = (
			);
			name = DemoPushNotification;
			productName = DemoPushNotification;
			productReference = DE1924022092BAE600FC6FDB /* DemoPushNotification.app */;
			productType = "com.apple.product-type.application";
		};
/* End PBXNativeTarget section */

/* Begin PBXProject section */
		DE1923FA2092BAE600FC6FDB /* Project object */ = {
			isa = PBXProject;
			attributes = {
				LastSwiftUpdateCheck = 0930;
				LastUpgradeCheck = 0930;
				ORGANIZATIONNAME = "Kai Pham";
				TargetAttributes = {
					DE1924012092BAE600FC6FDB = {
						CreatedOnToolsVersion = 9.3;
						SystemCapabilities = {
							com.apple.Push = {
								enabled = 1;
							};
						};
					};
				};
			};
			buildConfigurationList = DE1923FD2092BAE600FC6FDB /* Build configuration list for PBXProject "DemoPushNotification" */;
			compatibilityVersion = "Xcode 9.3";
			developmentRegion = en;
			hasScannedForEncodings = 0;
			knownRegions = (
				en,
				Base,
			);
			mainGroup = DE1923F92092BAE600FC6FDB;
			productRefGroup = DE1924032092BAE600FC6FDB /* Products */;
			projectDirPath = "";
			projectRoot = "";
			targets = (
				DE1924012092BAE600FC6FDB /* DemoPushNotification */,
			);
		};
/* End PBXProject section */

/* Begin PBXResourcesBuildPhase section */
		DE1924002092BAE600FC6FDB /* Resources */ = {
			isa = PBXResourcesBuildPhase;
			buildActionMask = 2147483647;
			files = (
				DE1924102092BAE700FC6FDB /* LaunchScreen.storyboard in Resources */,
				DE1924192092C35200FC6FDB /* GoogleService-Info.plist in Resources */,
				DE19240D2092BAE700FC6FDB /* Assets.xcassets in Resources */,
				DE19240B2092BAE600FC6FDB /* Main.storyboard in Resources */,
			);
			runOnlyForDeploymentPostprocessing = 0;
		};
/* End PBXResourcesBuildPhase section */

/* Begin PBXShellScriptBuildPhase section */
		96A1F673594CEFDB09773002 /* [CP] Check Pods Manifest.lock */ = {
			isa = PBXShellScriptBuildPhase;
			buildActionMask = 2147483647;
			files = (
			);
			inputPaths = (
				"${PODS_PODFILE_DIR_PATH}/Podfile.lock",
				"${PODS_ROOT}/Manifest.lock",
			);
			name = "[CP] Check Pods Manifest.lock";
			outputPaths = (
				"$(DERIVED_FILE_DIR)/Pods-DemoPushNotification-checkManifestLockResult.txt",
			);
			runOnlyForDeploymentPostprocessing = 0;
			shellPath = /bin/sh;
			shellScript = "diff \"${PODS_PODFILE_DIR_PATH}/Podfile.lock\" \"${PODS_ROOT}/Manifest.lock\" > /dev/null\nif [ $? != 0 ] ; then\n    # print error to STDERR\n    echo \"error: The sandbox is not in sync with the Podfile.lock. Run 'pod install' or update your CocoaPods installation.\" >&2\n    exit 1\nfi\n# This output is used by Xcode 'outputs' to avoid re-running this script phase.\necho \"SUCCESS\" > \"${SCRIPT_OUTPUT_FILE_0}\"\n";
			showEnvVarsInLog = 0;
		};
		DE8DCED60FD92030054ACD9C /* [CP] Copy Pods Resources */ = {
			isa = PBXShellScriptBuildPhase;
			buildActionMask = 2147483647;
			files = (
			);
			inputPaths = (
			);
			name = "[CP] Copy Pods Resources";
			outputPaths = (
			);
			runOnlyForDeploymentPostprocessing = 0;
			shellPath = /bin/sh;
			shellScript = "\"${SRCROOT}/Pods/Target Support Files/Pods-DemoPushNotification/Pods-DemoPushNotification-resources.sh\"\n";
			showEnvVarsInLog = 0;
		};
		ED7ECA6E3615AD5909B6470D /* [CP] Embed Pods Frameworks */ = {
			isa = PBXShellScriptBuildPhase;
			buildActionMask = 2147483647;
			files = (
			);
			inputPaths = (
				"${SRCROOT}/Pods/Target Support Files/Pods-DemoPushNotification/Pods-DemoPushNotification-frameworks.sh",
				"${BUILT_PRODUCTS_DIR}/GoogleToolboxForMac/GoogleToolboxForMac.framework",
				"${BUILT_PRODUCTS_DIR}/Protobuf/Protobuf.framework",
				"${BUILT_PRODUCTS_DIR}/nanopb/nanopb.framework",
			);
			name = "[CP] Embed Pods Frameworks";
			outputPaths = (
				"${TARGET_BUILD_DIR}/${FRAMEWORKS_FOLDER_PATH}/GoogleToolboxForMac.framework",
				"${TARGET_BUILD_DIR}/${FRAMEWORKS_FOLDER_PATH}/Protobuf.framework",
				"${TARGET_BUILD_DIR}/${FRAMEWORKS_FOLDER_PATH}/nanopb.framework",
			);
			runOnlyForDeploymentPostprocessing = 0;
			shellPath = /bin/sh;
			shellScript = "\"${SRCROOT}/Pods/Target Support Files/Pods-DemoPushNotification/Pods-DemoPushNotification-frameworks.sh\"\n";
			showEnvVarsInLog = 0;
		};
/* End PBXShellScriptBuildPhase section */

/* Begin PBXSourcesBuildPhase section */
		DE1923FE2092BAE600FC6FDB /* Sources */ = {
			isa = PBXSourcesBuildPhase;
			buildActionMask = 2147483647;
			files = (
				DE1924082092BAE600FC6FDB /* ViewController.swift in Sources */,
				DE1924062092BAE600FC6FDB /* AppDelegate.swift in Sources */,
			);
			runOnlyForDeploymentPostprocessing = 0;
		};
/* End PBXSourcesBuildPhase section */

/* Begin PBXVariantGroup section */
		DE1924092092BAE600FC6FDB /* Main.storyboard */ = {
			isa = PBXVariantGroup;
			children = (
				DE19240A2092BAE600FC6FDB /* Base */,
			);
			name = Main.storyboard;
			sourceTree = "<group>";
		};
		DE19240E2092BAE700FC6FDB /* LaunchScreen.storyboard */ = {
			isa = PBXVariantGroup;
			children = (
				DE19240F2092BAE700FC6FDB /* Base */,
			);
			name = LaunchScreen.storyboard;
			sourceTree = "<group>";
		};
/* End PBXVariantGroup section */

/* Begin XCBuildConfiguration section */
		DE1924122092BAE700FC6FDB /* Debug */ = {
			isa = XCBuildConfiguration;
			buildSettings = {
				ALWAYS_SEARCH_USER_PATHS = NO;
				CLANG_ANALYZER_NONNULL = YES;
				CLANG_ANALYZER_NUMBER_OBJECT_CONVERSION = YES_AGGRESSIVE;
				CLANG_CXX_LANGUAGE_STANDARD = "gnu++14";
				CLANG_CXX_LIBRARY = "libc++";
				CLANG_ENABLE_MODULES = YES;
				CLANG_ENABLE_OBJC_ARC = YES;
				CLANG_ENABLE_OBJC_WEAK = YES;
				CLANG_WARN_BLOCK_CAPTURE_AUTORELEASING = YES;
				CLANG_WARN_BOOL_CONVERSION = YES;
				CLANG_WARN_COMMA = YES;
				CLANG_WARN_CONSTANT_CONVERSION = YES;
				CLANG_WARN_DEPRECATED_OBJC_IMPLEMENTATIONS = YES;
				CLANG_WARN_DIRECT_OBJC_ISA_USAGE = YES_ERROR;
				CLANG_WARN_DOCUMENTATION_COMMENTS = YES;
				CLANG_WARN_EMPTY_BODY = YES;
				CLANG_WARN_ENUM_CONVERSION = YES;
				CLANG_WARN_INFINITE_RECURSION = YES;
				CLANG_WARN_INT_CONVERSION = YES;
				CLANG_WARN_NON_LITERAL_NULL_CONVERSION = YES;
				CLANG_WARN_OBJC_IMPLICIT_RETAIN_SELF = YES;
				CLANG_WARN_OBJC_LITERAL_CONVERSION = YES;
				CLANG_WARN_OBJC_ROOT_CLASS = YES_ERROR;
				CLANG_WARN_RANGE_LOOP_ANALYSIS = YES;
				CLANG_WARN_STRICT_PROTOTYPES = YES;
				CLANG_WARN_SUSPICIOUS_MOVE = YES;
				CLANG_WARN_UNGUARDED_AVAILABILITY = YES_AGGRESSIVE;
				CLANG_WARN_UNREACHABLE_CODE = YES;
				CLANG_WARN__DUPLICATE_METHOD_MATCH = YES;
				CODE_SIGN_IDENTITY = "iPhone Developer";
				COPY_PHASE_STRIP = NO;
				DEBUG_INFORMATION_FORMAT = dwarf;
				ENABLE_STRICT_OBJC_MSGSEND = YES;
				ENABLE_TESTABILITY = YES;
				GCC_C_LANGUAGE_STANDARD = gnu11;
				GCC_DYNAMIC_NO_PIC = NO;
				GCC_NO_COMMON_BLOCKS = YES;
				GCC_OPTIMIZATION_LEVEL = 0;
				GCC_PREPROCESSOR_DEFINITIONS = (
					"DEBUG=1",
					"$(inherited)",
				);
				GCC_WARN_64_TO_32_BIT_CONVERSION = YES;
				GCC_WARN_ABOUT_RETURN_TYPE = YES_ERROR;
				GCC_WARN_UNDECLARED_SELECTOR = YES;
				GCC_WARN_UNINITIALIZED_AUTOS = YES_AGGRESSIVE;
				GCC_WARN_UNUSED_FUNCTION = YES;
				GCC_WARN_UNUSED_VARIABLE = YES;
				IPHONEOS_DEPLOYMENT_TARGET = 11.3;
				MTL_ENABLE_DEBUG_INFO = YES;
				ONLY_ACTIVE_ARCH = YES;
				SDKROOT = iphoneos;
				SWIFT_ACTIVE_COMPILATION_CONDITIONS = DEBUG;
				SWIFT_OPTIMIZATION_LEVEL = "-Onone";
			};
			name = Debug;
		};
		DE1924132092BAE700FC6FDB /* Release */ = {
			isa = XCBuildConfiguration;
			buildSettings = {
				ALWAYS_SEARCH_USER_PATHS = NO;
				CLANG_ANALYZER_NONNULL = YES;
				CLANG_ANALYZER_NUMBER_OBJECT_CONVERSION = YES_AGGRESSIVE;
				CLANG_CXX_LANGUAGE_STANDARD = "gnu++14";
				CLANG_CXX_LIBRARY = "libc++";
				CLANG_ENABLE_MODULES = YES;
				CLANG_ENABLE_OBJC_ARC = YES;
				CLANG_ENABLE_OBJC_WEAK = YES;
				CLANG_WARN_BLOCK_CAPTURE_AUTORELEASING = YES;
				CLANG_WARN_BOOL_CONVERSION = YES;
				CLANG_WARN_COMMA = YES;
				CLANG_WARN_CONSTANT_CONVERSION = YES;
				CLANG_WARN_DEPRECATED_OBJC_IMPLEMENTATIONS = YES;
				CLANG_WARN_DIRECT_OBJC_ISA_USAGE = YES_ERROR;
				CLANG_WARN_DOCUMENTATION_COMMENTS = YES;
				CLANG_WARN_EMPTY_BODY = YES;
				CLANG_WARN_ENUM_CONVERSION = YES;
				CLANG_WARN_INFINITE_RECURSION = YES;
				CLANG_WARN_INT_CONVERSION = YES;
				CLANG_WARN_NON_LITERAL_NULL_CONVERSION = YES;
				CLANG_WARN_OBJC_IMPLICIT_RETAIN_SELF = YES;
				CLANG_WARN_OBJC_LITERAL_CONVERSION = YES;
				CLANG_WARN_OBJC_ROOT_CLASS = YES_ERROR;
				CLANG_WARN_RANGE_LOOP_ANALYSIS = YES;
				CLANG_WARN_STRICT_PROTOTYPES = YES;
				CLANG_WARN_SUSPICIOUS_MOVE = YES;
				CLANG_WARN_UNGUARDED_AVAILABILITY = YES_AGGRESSIVE;
				CLANG_WARN_UNREACHABLE_CODE = YES;
				CLANG_WARN__DUPLICATE_METHOD_MATCH = YES;
				CODE_SIGN_IDENTITY = "iPhone Developer";
				COPY_PHASE_STRIP = NO;
				DEBUG_INFORMATION_FORMAT = "dwarf-with-dsym";
				ENABLE_NS_ASSERTIONS = NO;
				ENABLE_STRICT_OBJC_MSGSEND = YES;
				GCC_C_LANGUAGE_STANDARD = gnu11;
				GCC_NO_COMMON_BLOCKS = YES;
				GCC_WARN_64_TO_32_BIT_CONVERSION = YES;
				GCC_WARN_ABOUT_RETURN_TYPE = YES_ERROR;
				GCC_WARN_UNDECLARED_SELECTOR = YES;
				GCC_WARN_UNINITIALIZED_AUTOS = YES_AGGRESSIVE;
				GCC_WARN_UNUSED_FUNCTION = YES;
				GCC_WARN_UNUSED_VARIABLE = YES;
				IPHONEOS_DEPLOYMENT_TARGET = 11.3;
				MTL_ENABLE_DEBUG_INFO = NO;
				SDKROOT = iphoneos;
				SWIFT_COMPILATION_MODE = wholemodule;
				SWIFT_OPTIMIZATION_LEVEL = "-O";
				VALIDATE_PRODUCT = YES;
			};
			name = Release;
		};
		DE1924152092BAE700FC6FDB /* Debug */ = {
			isa = XCBuildConfiguration;
			baseConfigurationReference = A9F399F3C0431B41C898A61A /* Pods-DemoPushNotification.debug.xcconfig */;
			buildSettings = {
				ASSETCATALOG_COMPILER_APPICON_NAME = AppIcon;
				CODE_SIGN_ENTITLEMENTS = DemoPushNotification/DemoPushNotification.entitlements;
				CODE_SIGN_STYLE = Manual;
				DEVELOPMENT_TEAM = GU9U74T6LC;
				INFOPLIST_FILE = DemoPushNotification/Info.plist;
				IPHONEOS_DEPLOYMENT_TARGET = 9.0;
				LD_RUNPATH_SEARCH_PATHS = (
					"$(inherited)",
					"@executable_path/Frameworks",
				);
				PRODUCT_BUNDLE_IDENTIFIER = com.kai.DemoPushNotification;
				PRODUCT_NAME = "$(TARGET_NAME)";
				PROVISIONING_PROFILE = "1015f69c-5d01-428a-906a-290646dd9b09";
				PROVISIONING_PROFILE_SPECIFIER = demoPushNotification;
				SWIFT_VERSION = 4.0;
				TARGETED_DEVICE_FAMILY = "1,2";
			};
			name = Debug;
		};
		DE1924162092BAE700FC6FDB /* Release */ = {
			isa = XCBuildConfiguration;
			baseConfigurationReference = 5761FABC43DE6A959441EC5A /* Pods-DemoPushNotification.release.xcconfig */;
			buildSettings = {
				ASSETCATALOG_COMPILER_APPICON_NAME = AppIcon;
				CODE_SIGN_ENTITLEMENTS = DemoPushNotification/DemoPushNotification.entitlements;
				CODE_SIGN_STYLE = Manual;
				DEVELOPMENT_TEAM = "";
				INFOPLIST_FILE = DemoPushNotification/Info.plist;
				IPHONEOS_DEPLOYMENT_TARGET = 9.0;
				LD_RUNPATH_SEARCH_PATHS = (
					"$(inherited)",
					"@executable_path/Frameworks",
				);
				PRODUCT_BUNDLE_IDENTIFIER = com.kai.DemoPushNotification;
				PRODUCT_NAME = "$(TARGET_NAME)";
				PROVISIONING_PROFILE_SPECIFIER = "";
				SWIFT_VERSION = 4.0;
				TARGETED_DEVICE_FAMILY = "1,2";
			};
			name = Release;
		};
/* End XCBuildConfiguration section */

/* Begin XCConfigurationList section */
		DE1923FD2092BAE600FC6FDB /* Build configuration list for PBXProject "DemoPushNotification" */ = {
			isa = XCConfigurationList;
			buildConfigurations = (
				DE1924122092BAE700FC6FDB /* Debug */,
				DE1924132092BAE700FC6FDB /* Release */,
			);
			defaultConfigurationIsVisible = 0;
			defaultConfigurationName = Release;
		};
		DE1924142092BAE700FC6FDB /* Build configuration list for PBXNativeTarget "DemoPushNotification" */ = {
			isa = XCConfigurationList;
			buildConfigurations = (
				DE1924152092BAE700FC6FDB /* Debug */,
				DE1924162092BAE700FC6FDB /* Release */,
			);
			defaultConfigurationIsVisible = 0;
			defaultConfigurationName = Release;
		};
/* End XCConfigurationList section */
	};
	rootObject = DE1923FA2092BAE600FC6FDB /* Project object */;
}
