// !$*UTF8*$!
{
	archiveVersion = 1;
	classes = {
	};
	objectVersion = 50;
	objects = {

/* Begin PBXBuildFile section */
		C33C15F2584B187C8A68C686 /* Pods_DemoLoginSocial.framework in Frameworks */ = {isa = PBXBuildFile; fileRef = 5ACF409843E5ED138763DFF2 /* Pods_DemoLoginSocial.framework */; };
		DE37D18F209C14D600C0EDE5 /* GoogleService-Info.plist in Resources */ = {isa = PBXBuildFile; fileRef = DE37D18E209C14D600C0EDE5 /* GoogleService-Info.plist */; };
		DECF5D32209C050C00F9B872 /* AppDelegate.swift in Sources */ = {isa = PBXBuildFile; fileRef = DECF5D31209C050C00F9B872 /* AppDelegate.swift */; };
		DECF5D34209C050C00F9B872 /* ViewController.swift in Sources */ = {isa = PBXBuildFile; fileRef = DECF5D33209C050C00F9B872 /* ViewController.swift */; };
		DECF5D37209C050C00F9B872 /* Main.storyboard in Resources */ = {isa = PBXBuildFile; fileRef = DECF5D35209C050C00F9B872 /* Main.storyboard */; };
		DECF5D39209C051000F9B872 /* Assets.xcassets in Resources */ = {isa = PBXBuildFile; fileRef = DECF5D38209C051000F9B872 /* Assets.xcassets */; };
		DECF5D3C209C051000F9B872 /* LaunchScreen.storyboard in Resources */ = {isa = PBXBuildFile; fileRef = DECF5D3A209C051000F9B872 /* LaunchScreen.storyboard */; };
/* End PBXBuildFile section */

/* Begin PBXFileReference section */
		5ACF409843E5ED138763DFF2 /* Pods_DemoLoginSocial.framework */ = {isa = PBXFileReference; explicitFileType = wrapper.framework; includeInIndex = 0; path = Pods_DemoLoginSocial.framework; sourceTree = BUILT_PRODUCTS_DIR; };
		AA02AEDFB32D874D231016DF /* Pods-DemoLoginSocial.release.xcconfig */ = {isa = PBXFileReference; includeInIndex = 1; lastKnownFileType = text.xcconfig; name = "Pods-DemoLoginSocial.release.xcconfig"; path = "Pods/Target Support Files/Pods-DemoLoginSocial/Pods-DemoLoginSocial.release.xcconfig"; sourceTree = "<group>"; };
		DE37D18E209C14D600C0EDE5 /* GoogleService-Info.plist */ = {isa = PBXFileReference; fileEncoding = 4; lastKnownFileType = text.plist.xml; path = "GoogleService-Info.plist"; sourceTree = "<group>"; };
		DECF5D2E209C050C00F9B872 /* DemoLoginSocial.app */ = {isa = PBXFileReference; explicitFileType = wrapper.application; includeInIndex = 0; path = DemoLoginSocial.app; sourceTree = BUILT_PRODUCTS_DIR; };
		DECF5D31209C050C00F9B872 /* AppDelegate.swift */ = {isa = PBXFileReference; lastKnownFileType = sourcecode.swift; path = AppDelegate.swift; sourceTree = "<group>"; };
		DECF5D33209C050C00F9B872 /* ViewController.swift */ = {isa = PBXFileReference; lastKnownFileType = sourcecode.swift; path = ViewController.swift; sourceTree = "<group>"; };
		DECF5D36209C050C00F9B872 /* Base */ = {isa = PBXFileReference; lastKnownFileType = file.storyboard; name = Base; path = Base.lproj/Main.storyboard; sourceTree = "<group>"; };
		DECF5D38209C051000F9B872 /* Assets.xcassets */ = {isa = PBXFileReference; lastKnownFileType = folder.assetcatalog; path = Assets.xcassets; sourceTree = "<group>"; };
		DECF5D3B209C051000F9B872 /* Base */ = {isa = PBXFileReference; lastKnownFileType = file.storyboard; name = Base; path = Base.lproj/LaunchScreen.storyboard; sourceTree = "<group>"; };
		DECF5D3D209C051000F9B872 /* Info.plist */ = {isa = PBXFileReference; lastKnownFileType = text.plist.xml; path = Info.plist; sourceTree = "<group>"; };
		E26621F2AD004E7FA684F74D /* Pods-DemoLoginSocial.debug.xcconfig */ = {isa = PBXFileReference; includeInIndex = 1; lastKnownFileType = text.xcconfig; name = "Pods-DemoLoginSocial.debug.xcconfig"; path = "Pods/Target Support Files/Pods-DemoLoginSocial/Pods-DemoLoginSocial.debug.xcconfig"; sourceTree = "<group>"; };
/* End PBXFileReference section */

/* Begin PBXFrameworksBuildPhase section */
		DECF5D2B209C050C00F9B872 /* Frameworks */ = {
			isa = PBXFrameworksBuildPhase;
			buildActionMask = 2147483647;
			files = (
				C33C15F2584B187C8A68C686 /* Pods_DemoLoginSocial.framework in Frameworks */,
			);
			runOnlyForDeploymentPostprocessing = 0;
		};
/* End PBXFrameworksBuildPhase section */

/* Begin PBXGroup section */
		AF50BA390B1A0B843D207207 /* Pods */ = {
			isa = PBXGroup;
			children = (
				E26621F2AD004E7FA684F74D /* Pods-DemoLoginSocial.debug.xcconfig */,
				AA02AEDFB32D874D231016DF /* Pods-DemoLoginSocial.release.xcconfig */,
			);
			name = Pods;
			sourceTree = "<group>";
		};
		BC95E1D08DB8A31A5369592B /* Frameworks */ = {
			isa = PBXGroup;
			children = (
				5ACF409843E5ED138763DFF2 /* Pods_DemoLoginSocial.framework */,
			);
			name = Frameworks;
			sourceTree = "<group>";
		};
		DECF5D25209C050C00F9B872 = {
			isa = PBXGroup;
			children = (
				DECF5D30209C050C00F9B872 /* DemoLoginSocial */,
				DECF5D2F209C050C00F9B872 /* Products */,
				AF50BA390B1A0B843D207207 /* Pods */,
				BC95E1D08DB8A31A5369592B /* Frameworks */,
			);
			sourceTree = "<group>";
		};
		DECF5D2F209C050C00F9B872 /* Products */ = {
			isa = PBXGroup;
			children = (
				DECF5D2E209C050C00F9B872 /* DemoLoginSocial.app */,
			);
			name = Products;
			sourceTree = "<group>";
		};
		DECF5D30209C050C00F9B872 /* DemoLoginSocial */ = {
			isa = PBXGroup;
			children = (
				DE37D18E209C14D600C0EDE5 /* GoogleService-Info.plist */,
				DECF5D31209C050C00F9B872 /* AppDelegate.swift */,
				DECF5D33209C050C00F9B872 /* ViewController.swift */,
				DECF5D35209C050C00F9B872 /* Main.storyboard */,
				DECF5D38209C051000F9B872 /* Assets.xcassets */,
				DECF5D3A209C051000F9B872 /* LaunchScreen.storyboard */,
				DECF5D3D209C051000F9B872 /* Info.plist */,
			);
			path = DemoLoginSocial;
			sourceTree = "<group>";
		};
/* End PBXGroup section */

/* Begin PBXNativeTarget section */
		DECF5D2D209C050C00F9B872 /* DemoLoginSocial */ = {
			isa = PBXNativeTarget;
			buildConfigurationList = DECF5D40209C051000F9B872 /* Build configuration list for PBXNativeTarget "DemoLoginSocial" */;
			buildPhases = (
				A9D83BF66006E4E24DEAB615 /* [CP] Check Pods Manifest.lock */,
				DECF5D2A209C050C00F9B872 /* Sources */,
				DECF5D2B209C050C00F9B872 /* Frameworks */,
				DECF5D2C209C050C00F9B872 /* Resources */,
				2DDC9268F35BFA1F322395AA /* [CP] Embed Pods Frameworks */,
				10ECF024D61E101800F95E62 /* [CP] Copy Pods Resources */,
			);
			buildRules = (
			);
			dependencies = (
			);
			name = DemoLoginSocial;
			productName = DemoLoginSocial;
			productReference = DECF5D2E209C050C00F9B872 /* DemoLoginSocial.app */;
			productType = "com.apple.product-type.application";
		};
/* End PBXNativeTarget section */

/* Begin PBXProject section */
		DECF5D26209C050C00F9B872 /* Project object */ = {
			isa = PBXProject;
			attributes = {
				LastSwiftUpdateCheck = 0930;
				LastUpgradeCheck = 0930;
				ORGANIZATIONNAME = "Kai Pham";
				TargetAttributes = {
					DECF5D2D209C050C00F9B872 = {
						CreatedOnToolsVersion = 9.3;
					};
				};
			};
			buildConfigurationList = DECF5D29209C050C00F9B872 /* Build configuration list for PBXProject "DemoLoginSocial" */;
			compatibilityVersion = "Xcode 9.3";
			developmentRegion = en;
			hasScannedForEncodings = 0;
			knownRegions = (
				en,
				Base,
			);
			mainGroup = DECF5D25209C050C00F9B872;
			productRefGroup = DECF5D2F209C050C00F9B872 /* Products */;
			projectDirPath = "";
			projectRoot = "";
			targets = (
				DECF5D2D209C050C00F9B872 /* DemoLoginSocial */,
			);
		};
/* End PBXProject section */

/* Begin PBXResourcesBuildPhase section */
		DECF5D2C209C050C00F9B872 /* Resources */ = {
			isa = PBXResourcesBuildPhase;
			buildActionMask = 2147483647;
			files = (
				DECF5D3C209C051000F9B872 /* LaunchScreen.storyboard in Resources */,
				DE37D18F209C14D600C0EDE5 /* GoogleService-Info.plist in Resources */,
				DECF5D39209C051000F9B872 /* Assets.xcassets in Resources */,
				DECF5D37209C050C00F9B872 /* Main.storyboard in Resources */,
			);
			runOnlyForDeploymentPostprocessing = 0;
		};
/* End PBXResourcesBuildPhase section */

/* Begin PBXShellScriptBuildPhase section */
		10ECF024D61E101800F95E62 /* [CP] Copy Pods Resources */ = {
			isa = PBXShellScriptBuildPhase;
			buildActionMask = 2147483647;
			files = (
			);
			inputPaths = (
				"${SRCROOT}/Pods/Target Support Files/Pods-DemoLoginSocial/Pods-DemoLoginSocial-resources.sh",
				"${PODS_ROOT}/GoogleSignIn/Resources/GoogleSignIn.bundle",
			);
			name = "[CP] Copy Pods Resources";
			outputPaths = (
				"${TARGET_BUILD_DIR}/${UNLOCALIZED_RESOURCES_FOLDER_PATH}/GoogleSignIn.bundle",
			);
			runOnlyForDeploymentPostprocessing = 0;
			shellPath = /bin/sh;
			shellScript = "\"${SRCROOT}/Pods/Target Support Files/Pods-DemoLoginSocial/Pods-DemoLoginSocial-resources.sh\"\n";
			showEnvVarsInLog = 0;
		};
		2DDC9268F35BFA1F322395AA /* [CP] Embed Pods Frameworks */ = {
			isa = PBXShellScriptBuildPhase;
			buildActionMask = 2147483647;
			files = (
			);
			inputPaths = (
				"${SRCROOT}/Pods/Target Support Files/Pods-DemoLoginSocial/Pods-DemoLoginSocial-frameworks.sh",
				"${BUILT_PRODUCTS_DIR}/Bolts/Bolts.framework",
				"${BUILT_PRODUCTS_DIR}/FBSDKCoreKit/FBSDKCoreKit.framework",
				"${BUILT_PRODUCTS_DIR}/FBSDKLoginKit/FBSDKLoginKit.framework",
				"${BUILT_PRODUCTS_DIR}/FBSDKShareKit/FBSDKShareKit.framework",
				"${BUILT_PRODUCTS_DIR}/GTMOAuth2/GTMOAuth2.framework",
				"${BUILT_PRODUCTS_DIR}/GTMSessionFetcher/GTMSessionFetcher.framework",
				"${BUILT_PRODUCTS_DIR}/GoogleToolboxForMac/GoogleToolboxForMac.framework",
			);
			name = "[CP] Embed Pods Frameworks";
			outputPaths = (
				"${TARGET_BUILD_DIR}/${FRAMEWORKS_FOLDER_PATH}/Bolts.framework",
				"${TARGET_BUILD_DIR}/${FRAMEWORKS_FOLDER_PATH}/FBSDKCoreKit.framework",
				"${TARGET_BUILD_DIR}/${FRAMEWORKS_FOLDER_PATH}/FBSDKLoginKit.framework",
				"${TARGET_BUILD_DIR}/${FRAMEWORKS_FOLDER_PATH}/FBSDKShareKit.framework",
				"${TARGET_BUILD_DIR}/${FRAMEWORKS_FOLDER_PATH}/GTMOAuth2.framework",
				"${TARGET_BUILD_DIR}/${FRAMEWORKS_FOLDER_PATH}/GTMSessionFetcher.framework",
				"${TARGET_BUILD_DIR}/${FRAMEWORKS_FOLDER_PATH}/GoogleToolboxForMac.framework",
			);
			runOnlyForDeploymentPostprocessing = 0;
			shellPath = /bin/sh;
			shellScript = "\"${SRCROOT}/Pods/Target Support Files/Pods-DemoLoginSocial/Pods-DemoLoginSocial-frameworks.sh\"\n";
			showEnvVarsInLog = 0;
		};
		A9D83BF66006E4E24DEAB615 /* [CP] Check Pods Manifest.lock */ = {
			isa = PBXShellScriptBuildPhase;
			buildActionMask = 2147483647;
			files = (
			);
			inputPaths = (
				"${PODS_PODFILE_DIR_PATH}/Podfile.lock",
				"${PODS_ROOT}/Manifest.lock",
			);
			name = "[CP] Check Pods Manifest.lock";
			outputPaths = (
				"$(DERIVED_FILE_DIR)/Pods-DemoLoginSocial-checkManifestLockResult.txt",
			);
			runOnlyForDeploymentPostprocessing = 0;
			shellPath = /bin/sh;
			shellScript = "diff \"${PODS_PODFILE_DIR_PATH}/Podfile.lock\" \"${PODS_ROOT}/Manifest.lock\" > /dev/null\nif [ $? != 0 ] ; then\n    # print error to STDERR\n    echo \"error: The sandbox is not in sync with the Podfile.lock. Run 'pod install' or update your CocoaPods installation.\" >&2\n    exit 1\nfi\n# This output is used by Xcode 'outputs' to avoid re-running this script phase.\necho \"SUCCESS\" > \"${SCRIPT_OUTPUT_FILE_0}\"\n";
			showEnvVarsInLog = 0;
		};
/* End PBXShellScriptBuildPhase section */

/* Begin PBXSourcesBuildPhase section */
		DECF5D2A209C050C00F9B872 /* Sources */ = {
			isa = PBXSourcesBuildPhase;
			buildActionMask = 2147483647;
			files = (
				DECF5D34209C050C00F9B872 /* ViewController.swift in Sources */,
				DECF5D32209C050C00F9B872 /* AppDelegate.swift in Sources */,
			);
			runOnlyForDeploymentPostprocessing = 0;
		};
/* End PBXSourcesBuildPhase section */

/* Begin PBXVariantGroup section */
		DECF5D35209C050C00F9B872 /* Main.storyboard */ = {
			isa = PBXVariantGroup;
			children = (
				DECF5D36209C050C00F9B872 /* Base */,
			);
			name = Main.storyboard;
			sourceTree = "<group>";
		};
		DECF5D3A209C051000F9B872 /* LaunchScreen.storyboard */ = {
			isa = PBXVariantGroup;
			children = (
				DECF5D3B209C051000F9B872 /* Base */,
			);
			name = LaunchScreen.storyboard;
			sourceTree = "<group>";
		};
/* End PBXVariantGroup section */

/* Begin XCBuildConfiguration section */
		DECF5D3E209C051000F9B872 /* Debug */ = {
			isa = XCBuildConfiguration;
			buildSettings = {
				ALWAYS_SEARCH_USER_PATHS = NO;
				CLANG_ANALYZER_NONNULL = YES;
				CLANG_ANALYZER_NUMBER_OBJECT_CONVERSION = YES_AGGRESSIVE;
				CLANG_CXX_LANGUAGE_STANDARD = "gnu++14";
				CLANG_CXX_LIBRARY = "libc++";
				CLANG_ENABLE_MODULES = YES;
				CLANG_ENABLE_OBJC_ARC = YES;
				CLANG_ENABLE_OBJC_WEAK = YES;
				CLANG_WARN_BLOCK_CAPTURE_AUTORELEASING = YES;
				CLANG_WARN_BOOL_CONVERSION = YES;
				CLANG_WARN_COMMA = YES;
				CLANG_WARN_CONSTANT_CONVERSION = YES;
				CLANG_WARN_DEPRECATED_OBJC_IMPLEMENTATIONS = YES;
				CLANG_WARN_DIRECT_OBJC_ISA_USAGE = YES_ERROR;
				CLANG_WARN_DOCUMENTATION_COMMENTS = YES;
				CLANG_WARN_EMPTY_BODY = YES;
				CLANG_WARN_ENUM_CONVERSION = YES;
				CLANG_WARN_INFINITE_RECURSION = YES;
				CLANG_WARN_INT_CONVERSION = YES;
				CLANG_WARN_NON_LITERAL_NULL_CONVERSION = YES;
				CLANG_WARN_OBJC_IMPLICIT_RETAIN_SELF = YES;
				CLANG_WARN_OBJC_LITERAL_CONVERSION = YES;
				CLANG_WARN_OBJC_ROOT_CLASS = YES_ERROR;
				CLANG_WARN_RANGE_LOOP_ANALYSIS = YES;
				CLANG_WARN_STRICT_PROTOTYPES = YES;
				CLANG_WARN_SUSPICIOUS_MOVE = YES;
				CLANG_WARN_UNGUARDED_AVAILABILITY = YES_AGGRESSIVE;
				CLANG_WARN_UNREACHABLE_CODE = YES;
				CLANG_WARN__DUPLICATE_METHOD_MATCH = YES;
				CODE_SIGN_IDENTITY = "iPhone Developer";
				COPY_PHASE_STRIP = NO;
				DEBUG_INFORMATION_FORMAT = dwarf;
				ENABLE_STRICT_OBJC_MSGSEND = YES;
				ENABLE_TESTABILITY = YES;
				GCC_C_LANGUAGE_STANDARD = gnu11;
				GCC_DYNAMIC_NO_PIC = NO;
				GCC_NO_COMMON_BLOCKS = YES;
				GCC_OPTIMIZATION_LEVEL = 0;
				GCC_PREPROCESSOR_DEFINITIONS = (
					"DEBUG=1",
					"$(inherited)",
				);
				GCC_WARN_64_TO_32_BIT_CONVERSION = YES;
				GCC_WARN_ABOUT_RETURN_TYPE = YES_ERROR;
				GCC_WARN_UNDECLARED_SELECTOR = YES;
				GCC_WARN_UNINITIALIZED_AUTOS = YES_AGGRESSIVE;
				GCC_WARN_UNUSED_FUNCTION = YES;
				GCC_WARN_UNUSED_VARIABLE = YES;
				IPHONEOS_DEPLOYMENT_TARGET = 11.3;
				MTL_ENABLE_DEBUG_INFO = YES;
				ONLY_ACTIVE_ARCH = YES;
				SDKROOT = iphoneos;
				SWIFT_ACTIVE_COMPILATION_CONDITIONS = DEBUG;
				SWIFT_OPTIMIZATION_LEVEL = "-Onone";
			};
			name = Debug;
		};
		DECF5D3F209C051000F9B872 /* Release */ = {
			isa = XCBuildConfiguration;
			buildSettings = {
				ALWAYS_SEARCH_USER_PATHS = NO;
				CLANG_ANALYZER_NONNULL = YES;
				CLANG_ANALYZER_NUMBER_OBJECT_CONVERSION = YES_AGGRESSIVE;
				CLANG_CXX_LANGUAGE_STANDARD = "gnu++14";
				CLANG_CXX_LIBRARY = "libc++";
				CLANG_ENABLE_MODULES = YES;
				CLANG_ENABLE_OBJC_ARC = YES;
				CLANG_ENABLE_OBJC_WEAK = YES;
				CLANG_WARN_BLOCK_CAPTURE_AUTORELEASING = YES;
				CLANG_WARN_BOOL_CONVERSION = YES;
				CLANG_WARN_COMMA = YES;
				CLANG_WARN_CONSTANT_CONVERSION = YES;
				CLANG_WARN_DEPRECATED_OBJC_IMPLEMENTATIONS = YES;
				CLANG_WARN_DIRECT_OBJC_ISA_USAGE = YES_ERROR;
				CLANG_WARN_DOCUMENTATION_COMMENTS = YES;
				CLANG_WARN_EMPTY_BODY = YES;
				CLANG_WARN_ENUM_CONVERSION = YES;
				CLANG_WARN_INFINITE_RECURSION = YES;
				CLANG_WARN_INT_CONVERSION = YES;
				CLANG_WARN_NON_LITERAL_NULL_CONVERSION = YES;
				CLANG_WARN_OBJC_IMPLICIT_RETAIN_SELF = YES;
				CLANG_WARN_OBJC_LITERAL_CONVERSION = YES;
				CLANG_WARN_OBJC_ROOT_CLASS = YES_ERROR;
				CLANG_WARN_RANGE_LOOP_ANALYSIS = YES;
				CLANG_WARN_STRICT_PROTOTYPES = YES;
				CLANG_WARN_SUSPICIOUS_MOVE = YES;
				CLANG_WARN_UNGUARDED_AVAILABILITY = YES_AGGRESSIVE;
				CLANG_WARN_UNREACHABLE_CODE = YES;
				CLANG_WARN__DUPLICATE_METHOD_MATCH = YES;
				CODE_SIGN_IDENTITY = "iPhone Developer";
				COPY_PHASE_STRIP = NO;
				DEBUG_INFORMATION_FORMAT = "dwarf-with-dsym";
				ENABLE_NS_ASSERTIONS = NO;
				ENABLE_STRICT_OBJC_MSGSEND = YES;
				GCC_C_LANGUAGE_STANDARD = gnu11;
				GCC_NO_COMMON_BLOCKS = YES;
				GCC_WARN_64_TO_32_BIT_CONVERSION = YES;
				GCC_WARN_ABOUT_RETURN_TYPE = YES_ERROR;
				GCC_WARN_UNDECLARED_SELECTOR = YES;
				GCC_WARN_UNINITIALIZED_AUTOS = YES_AGGRESSIVE;
				GCC_WARN_UNUSED_FUNCTION = YES;
				GCC_WARN_UNUSED_VARIABLE = YES;
				IPHONEOS_DEPLOYMENT_TARGET = 11.3;
				MTL_ENABLE_DEBUG_INFO = NO;
				SDKROOT = iphoneos;
				SWIFT_COMPILATION_MODE = wholemodule;
				SWIFT_OPTIMIZATION_LEVEL = "-O";
				VALIDATE_PRODUCT = YES;
			};
			name = Release;
		};
		DECF5D41209C051000F9B872 /* Debug */ = {
			isa = XCBuildConfiguration;
			baseConfigurationReference = E26621F2AD004E7FA684F74D /* Pods-DemoLoginSocial.debug.xcconfig */;
			buildSettings = {
				ASSETCATALOG_COMPILER_APPICON_NAME = AppIcon;
				CODE_SIGN_STYLE = Automatic;
				INFOPLIST_FILE = DemoLoginSocial/Info.plist;
				LD_RUNPATH_SEARCH_PATHS = "$(inherited) @executable_path/Frameworks";
				PRODUCT_BUNDLE_IDENTIFIER = com.kai.DemoLoginSocial;
				PRODUCT_NAME = "$(TARGET_NAME)";
				SWIFT_VERSION = 4.0;
				TARGETED_DEVICE_FAMILY = "1,2";
			};
			name = Debug;
		};
		DECF5D42209C051000F9B872 /* Release */ = {
			isa = XCBuildConfiguration;
			baseConfigurationReference = AA02AEDFB32D874D231016DF /* Pods-DemoLoginSocial.release.xcconfig */;
			buildSettings = {
				ASSETCATALOG_COMPILER_APPICON_NAME = AppIcon;
				CODE_SIGN_STYLE = Automatic;
				INFOPLIST_FILE = DemoLoginSocial/Info.plist;
				LD_RUNPATH_SEARCH_PATHS = "$(inherited) @executable_path/Frameworks";
				PRODUCT_BUNDLE_IDENTIFIER = com.kai.DemoLoginSocial;
				PRODUCT_NAME = "$(TARGET_NAME)";
				SWIFT_VERSION = 4.0;
				TARGETED_DEVICE_FAMILY = "1,2";
			};
			name = Release;
		};
/* End XCBuildConfiguration section */

/* Begin XCConfigurationList section */
		DECF5D29209C050C00F9B872 /* Build configuration list for PBXProject "DemoLoginSocial" */ = {
			isa = XCConfigurationList;
			buildConfigurations = (
				DECF5D3E209C051000F9B872 /* Debug */,
				DECF5D3F209C051000F9B872 /* Release */,
			);
			defaultConfigurationIsVisible = 0;
			defaultConfigurationName = Release;
		};
		DECF5D40209C051000F9B872 /* Build configuration list for PBXNativeTarget "DemoLoginSocial" */ = {
			isa = XCConfigurationList;
			buildConfigurations = (
				DECF5D41209C051000F9B872 /* Debug */,
				DECF5D42209C051000F9B872 /* Release */,
			);
			defaultConfigurationIsVisible = 0;
			defaultConfigurationName = Release;
		};
/* End XCConfigurationList section */
	};
	rootObject = DECF5D26209C050C00F9B872 /* Project object */;
}
